<?xml version="1.0" encoding="utf-8"?>
<Project ToolsVersion="4.0" xmlns="http://schemas.microsoft.com/developer/msbuild/2003">
  <ItemGroup>
    <Filter Include="Source">
      <UniqueIdentifier>{edd5a74b-bb22-4c18-bcce-7eb6e7f73387}</UniqueIdentifier>
    </Filter>
    <Filter Include="Include">
      <UniqueIdentifier>{7e6bf93f-b88c-46bf-973d-d0635baa10d9}</UniqueIdentifier>
    </Filter>
    <Filter Include="Resource">
      <UniqueIdentifier>{ed4b42a0-4573-42fd-81ec-36a27162e097}</UniqueIdentifier>
    </Filter>
    <Filter Include="Tests">
      <UniqueIdentifier>{97cdc065-4a40-4626-a496-8fdd7354c6d5}</UniqueIdentifier>
    </Filter>
  </ItemGroup>
  <ItemGroup>
    <ResourceCompile Include="Resource\CoreInterop.rc">
      <Filter>Resource</Filter>
    </ResourceCompile>
  </ItemGroup>
  <ItemGroup>
    <ClInclude Include="Include\CoreInterop.h">
      <Filter>Include</Filter>
    </ClInclude>
    <ClInclude Include="Include\CoreMarshal.h">
      <Filter>Include</Filter>
    </ClInclude>
    <ClInclude Include="Source\Pch.h">
      <Filter>Source</Filter>
    </ClInclude>
    <ClInclude Include="Tests\TestFactoryInterop.h">
      <Filter>Tests</Filter>
    </ClInclude>
    <ClInclude Include="Include\FileInterop.h">
      <Filter>Include</Filter>
    </ClInclude>
    <ClInclude Include="Include\DepotClientInterop.h">
      <Filter>Include</Filter>
    </ClInclude>
    <ClInclude Include="Include\DepotConfigInterop.h">
      <Filter>Include</Filter>
    </ClInclude>
    <ClInclude Include="Include\DepotOperationsInterop.h">
      <Filter>Include</Filter>
    </ClInclude>
    <ClInclude Include="Include\DepotResultInterop.h">
      <Filter>Include</Filter>
    </ClInclude>
    <ClInclude Include="Include\ServiceOperationsInterop.h">
      <Filter>Include</Filter>
    </ClInclude>
    <ClInclude Include="Include\DriverOperationsInterop.h">
      <Filter>Include</Filter>
    </ClInclude>
    <ClInclude Include="Include\DepotConstantsInterop.h">
      <Filter>Include</Filter>
    </ClInclude>
    <ClInclude Include="Include\DepotSyncActionInterop.h">
      <Filter>Include</Filter>
    </ClInclude>
    <ClInclude Include="Include\DepotSyncOptionsInterop.h">
      <Filter>Include</Filter>
    </ClInclude>
    <ClInclude Include="Include\SettingManagerInterop.h">
      <Filter>Include</Filter>
    </ClInclude>
    <ClInclude Include="Include\DepotReconfigInterop.h">
      <Filter>Include</Filter>
    </ClInclude>
  </ItemGroup>
  <ItemGroup>
    <ClCompile Include="Source\AssemblyInfo.cpp">
      <Filter>Source</Filter>
    </ClCompile>
    <ClCompile Include="Source\CoreInterop.cpp">
      <Filter>Source</Filter>
    </ClCompile>
    <ClCompile Include="Source\Pch.cpp">
      <Filter>Source</Filter>
    </ClCompile>
    <ClCompile Include="Tests\TestFactoryInterop.cpp">
      <Filter>Tests</Filter>
    </ClCompile>
    <ClCompile Include="Source\DepotOperationsInterop.cpp">
      <Filter>Source</Filter>
    </ClCompile>
    <ClCompile Include="Source\DepotResultInterop.cpp">
      <Filter>Source</Filter>
    </ClCompile>
    <ClCompile Include="Source\DepotClientInterop.cpp">
      <Filter>Source</Filter>
    </ClCompile>
    <ClCompile Include="Source\DepotConfigInterop.cpp">
      <Filter>Source</Filter>
    </ClCompile>
    <ClCompile Include="Source\CoreMarshal.cpp">
      <Filter>Source</Filter>
    </ClCompile>
    <ClCompile Include="Source\ServiceOperationsInterop.cpp">
      <Filter>Source</Filter>
    </ClCompile>
    <ClCompile Include="Source\DriverOperationsInterop.cpp">
      <Filter>Source</Filter>
    </ClCompile>
    <ClCompile Include="Source\DepotSyncActionInterop.cpp">
      <Filter>Source</Filter>
    </ClCompile>
    <ClCompile Include="Source\DepotSyncOptionsInterop.cpp">
      <Filter>Source</Filter>
    </ClCompile>
    <ClCompile Include="Source\SettingManagerInterop.cpp">
      <Filter>Source</Filter>
    </ClCompile>
    <ClCompile Include="Source\DepotReconfigInterop.cpp">
      <Filter>Source</Filter>
    </ClCompile>
  </ItemGroup>
</Project>