<?xml version="1.0" encoding="utf-8"?>
<Project ToolsVersion="4.0" xmlns="http://schemas.microsoft.com/developer/msbuild/2003">
  <ItemGroup>
    <Filter Include="Source">
      <UniqueIdentifier>{edd5a74b-bb22-4c18-bcce-7eb6e7f73387}</UniqueIdentifier>
    </Filter>
    <Filter Include="Include">
      <UniqueIdentifier>{7e6bf93f-b88c-46bf-973d-d0635baa10d9}</UniqueIdentifier>
    </Filter>
    <Filter Include="Resource">
      <UniqueIdentifier>{ed4b42a0-4573-42fd-81ec-36a27162e097}</UniqueIdentifier>
    </Filter>
    <Filter Include="Tests">
      <UniqueIdentifier>{97cdc065-4a40-4626-a496-8fdd7354c6d5}</UniqueIdentifier>
    </Filter>
  </ItemGroup>
  <ItemGroup>
    <ClInclude Include="Include\DepotClient.h">
      <Filter>Include</Filter>
    </ClInclude>
    <ClInclude Include="Include\DepotClientCache.h">
      <Filter>Include</Filter>
    </ClInclude>
    <ClInclude Include="Include\DepotConfig.h">
      <Filter>Include</Filter>
    </ClInclude>
    <ClInclude Include="Include\DepotResult.h">
      <Filter>Include</Filter>
    </ClInclude>
    <ClInclude Include="Include\DepotResultClient.h">
      <Filter>Include</Filter>
    </ClInclude>
    <ClInclude Include="Include\DepotResultInfo.h">
      <Filter>Include</Filter>
    </ClInclude>
    <ClInclude Include="Include\DepotResultPrint.h">
      <Filter>Include</Filter>
    </ClInclude>
    <ClInclude Include="Include\DepotResultWhere.h">
      <Filter>Include</Filter>
    </ClInclude>
    <ClInclude Include="Include\FileAssert.h">
      <Filter>Include</Filter>
    </ClInclude>
    <ClInclude Include="Include\FileContext.h">
      <Filter>Include</Filter>
    </ClInclude>
    <ClInclude Include="Include\FileCore.h">
      <Filter>Include</Filter>
    </ClInclude>
    <ClInclude Include="Include\FileOperations.h">
      <Filter>Include</Filter>
    </ClInclude>
    <ClInclude Include="Include\FileSystem.h">
      <Filter>Include</Filter>
    </ClInclude>
    <ClInclude Include="Source\Pch.h">
      <Filter>Source</Filter>
    </ClInclude>
    <ClInclude Include="Tests\TestFactory.h">
      <Filter>Tests</Filter>
    </ClInclude>
    <ClInclude Include="Include\DepotCommand.h">
      <Filter>Include</Filter>
    </ClInclude>
    <ClInclude Include="Include\DepotOperations.h">
      <Filter>Include</Filter>
    </ClInclude>
    <ClInclude Include="Include\DepotSyncAction.h">
      <Filter>Include</Filter>
    </ClInclude>
    <ClInclude Include="Include\DepotRevision.h">
      <Filter>Include</Filter>
    </ClInclude>
    <ClInclude Include="Include\DepotSyncOptions.h">
      <Filter>Include</Filter>
    </ClInclude>
    <ClInclude Include="Include\DepotDateTime.h">
      <Filter>Include</Filter>
    </ClInclude>
    <ClInclude Include="Include\DepotResultDiff2.h">
      <Filter>Include</Filter>
    </ClInclude>
    <ClInclude Include="Include\DepotResultFStat.h">
      <Filter>Include</Filter>
    </ClInclude>
    <ClInclude Include="Include\LogDevice.h">
      <Filter>Include</Filter>
    </ClInclude>
    <ClInclude Include="Include\SettingManager.h">
      <Filter>Include</Filter>
    </ClInclude>
    <ClInclude Include="Include\ThreadPool.h">
      <Filter>Include</Filter>
    </ClInclude>
    <ClInclude Include="Include\ServiceOperations.h">
      <Filter>Include</Filter>
    </ClInclude>
    <ClInclude Include="Include\DriverOperations.h">
      <Filter>Include</Filter>
    </ClInclude>
    <ClInclude Include="Include\DepotConstants.h">
      <Filter>Include</Filter>
    </ClInclude>
    <ClInclude Include="Include\DirectoryOperations.h">
      <Filter>Include</Filter>
    </ClInclude>
    <ClInclude Include="Include\DepotReconfig.h">
      <Filter>Include</Filter>
    </ClInclude>
    <ClInclude Include="Include\DepotResultSizes.h">
      <Filter>Include</Filter>
    </ClInclude>
  </ItemGroup>
  <ItemGroup>
    <ResourceCompile Include="Resource\Core.rc">
      <Filter>Resource</Filter>
    </ResourceCompile>
  </ItemGroup>
  <ItemGroup>
    <ClCompile Include="Source\DepotClient.cpp">
      <Filter>Source</Filter>
    </ClCompile>
    <ClCompile Include="Source\DepotClientCache.cpp">
      <Filter>Source</Filter>
    </ClCompile>
    <ClCompile Include="Source\DepotConfig.cpp">
      <Filter>Source</Filter>
    </ClCompile>
    <ClCompile Include="Source\DepotResult.cpp">
      <Filter>Source</Filter>
    </ClCompile>
    <ClCompile Include="Source\DepotResultClient.cpp">
      <Filter>Source</Filter>
    </ClCompile>
    <ClCompile Include="Source\DepotResultPrint.cpp">
      <Filter>Source</Filter>
    </ClCompile>
    <ClCompile Include="Source\FileAssert.cpp">
      <Filter>Source</Filter>
    </ClCompile>
    <ClCompile Include="Source\FileCore.cpp">
      <Filter>Source</Filter>
    </ClCompile>
    <ClCompile Include="Source\FileOperations.cpp">
      <Filter>Source</Filter>
    </ClCompile>
    <ClCompile Include="Source\FileSystem.cpp">
      <Filter>Source</Filter>
    </ClCompile>
    <ClCompile Include="Source\Pch.cpp">
      <Filter>Source</Filter>
    </ClCompile>
    <ClCompile Include="Tests\TestDepotClient.cpp">
      <Filter>Tests</Filter>
    </ClCompile>
    <ClCompile Include="Tests\TestDepotClientCache.cpp">
      <Filter>Tests</Filter>
    </ClCompile>
    <ClCompile Include="Tests\TestFactory.cpp">
      <Filter>Tests</Filter>
    </ClCompile>
    <ClCompile Include="Tests\TestFileInfo.cpp">
      <Filter>Tests</Filter>
    </ClCompile>
    <ClCompile Include="Tests\TestFileSystem.cpp">
      <Filter>Tests</Filter>
    </ClCompile>
    <ClCompile Include="Tests\TestStringInfo.cpp">
      <Filter>Tests</Filter>
    </ClCompile>
    <ClCompile Include="Source\DepotSyncAction.cpp">
      <Filter>Source</Filter>
    </ClCompile>
    <ClCompile Include="Source\DepotOperations.cpp">
      <Filter>Source</Filter>
    </ClCompile>
    <ClCompile Include="Source\DepotRevision.cpp">
      <Filter>Source</Filter>
    </ClCompile>
    <ClCompile Include="Tests\TestDepotRevision.cpp">
      <Filter>Tests</Filter>
    </ClCompile>
    <ClCompile Include="Tests\TestDepotOperations.cpp">
      <Filter>Tests</Filter>
    </ClCompile>
    <ClCompile Include="Source\DepotDateTime.cpp">
      <Filter>Source</Filter>
    </ClCompile>
    <ClCompile Include="Source\DepotSyncOptions.cpp">
      <Filter>Source</Filter>
    </ClCompile>
    <ClCompile Include="Source\DepotResultFStat.cpp">
      <Filter>Source</Filter>
    </ClCompile>
    <ClCompile Include="Source\LogDevice.cpp">
      <Filter>Source</Filter>
    </ClCompile>
    <ClCompile Include="Source\SettingManager.cpp">
      <Filter>Source</Filter>
    </ClCompile>
    <ClCompile Include="Tests\TestThreadPool.cpp">
      <Filter>Tests</Filter>
    </ClCompile>
    <ClCompile Include="Tests\TestRegistry.cpp">
      <Filter>Tests</Filter>
    </ClCompile>
    <ClCompile Include="Tests\TestServiceOperations.cpp">
      <Filter>Tests</Filter>
    </ClCompile>
    <ClCompile Include="Source\ServiceOperations.cpp">
      <Filter>Source</Filter>
    </ClCompile>
    <ClCompile Include="Source\DriverOperations.cpp">
      <Filter>Source</Filter>
    </ClCompile>
    <ClCompile Include="Tests\TestDriver.cpp">
      <Filter>Tests</Filter>
    </ClCompile>
    <ClCompile Include="Tests\TestFileOperations.cpp">
      <Filter>Tests</Filter>
    </ClCompile>
    <ClCompile Include="Source\DirectoryOperations.cpp">
      <Filter>Source</Filter>
    </ClCompile>
    <ClCompile Include="Source\ThreadPool.cpp">
      <Filter>Source</Filter>
    </ClCompile>
    <ClCompile Include="Tests\TestDirectoryOperations.cpp">
      <Filter>Tests</Filter>
    </ClCompile>
    <ClCompile Include="Source\DepotReconfig.cpp">
      <Filter>Source</Filter>
    </ClCompile>
  </ItemGroup>
</Project>