<?xml version="1.0" encoding="utf-8"?>
<Project ToolsVersion="4.0" xmlns="http://schemas.microsoft.com/developer/msbuild/2003">
  <ItemGroup>
    <Filter Include="Source">
      <UniqueIdentifier>{93995380-89BD-4b04-88EB-625FBE52EBFB}</UniqueIdentifier>
      <Extensions>h;hh;hpp;hxx;hm;inl;inc;xsd</Extensions>
    </Filter>
    <Filter Include="Include">
      <UniqueIdentifier>{4FC737F1-C7A5-4376-A066-2A32D752A2FF}</UniqueIdentifier>
      <Extensions>cpp;c;cc;cxx;def;odl;idl;hpj;bat;asm;asmx</Extensions>
    </Filter>
    <Filter Include="Resource">
      <UniqueIdentifier>{c0f9e636-16cd-41df-81bd-4c955e376a58}</UniqueIdentifier>
    </Filter>
  </ItemGroup>
  <ItemGroup>
    <ClInclude Include="Include\ServiceHost.h">
      <Filter>Include</Filter>
    </ClInclude>
    <ClInclude Include="Source\Pch.h">
      <Filter>Source</Filter>
    </ClInclude>
    <ClInclude Include="Include\ServiceListener.h">
      <Filter>Include</Filter>
    </ClInclude>
    <ClInclude Include="Include\ServiceTask.h">
      <Filter>Include</Filter>
    </ClInclude>
    <ClInclude Include="Include\ServiceContext.h">
      <Filter>Include</Filter>
    </ClInclude>
    <ClInclude Include="Include\ServiceLog.h">
      <Filter>Include</Filter>
    </ClInclude>
  </ItemGroup>
  <ItemGroup>
    <ClCompile Include="Source\Pch.cpp">
      <Filter>Source</Filter>
    </ClCompile>
    <ClCompile Include="Source\Service.cpp">
      <Filter>Source</Filter>
    </ClCompile>
    <ClCompile Include="Source\ServiceHost.cpp">
      <Filter>Source</Filter>
    </ClCompile>
    <ClCompile Include="Source\ServiceListener.cpp">
      <Filter>Source</Filter>
    </ClCompile>
    <ClCompile Include="Source\ServiceContext.cpp">
      <Filter>Source</Filter>
    </ClCompile>
    <ClCompile Include="Source\ServiceTask.cpp">
      <Filter>Source</Filter>
    </ClCompile>
    <ClCompile Include="Source\ServiceLog.cpp">
      <Filter>Source</Filter>
    </ClCompile>
  </ItemGroup>
  <ItemGroup>
    <ResourceCompile Include="Resource\Service.rc">
      <Filter>Resource</Filter>
    </ResourceCompile>
  </ItemGroup>
</Project>