
Microsoft Visual Studio Solution File, Format Version 12.00
# Visual Studio Version 17
VisualStudioVersion = 17.5.33502.453
MinimumVisualStudioVersion = 10.0.40219.1
Project("{2150E333-8FDC-42A3-9474-1A3956D46DE8}") = "P4VFS", "P4VFS", "{BC3F5093-3981-4EA3-AF26-882790B79C86}"
	ProjectSection(SolutionItems) = preProject
		P4VFS.natvis = P4VFS.natvis
	EndProjectSection
EndProject
Project("{8BC9CEB8-8B4A-11D0-8D11-00A0C91BC942}") = "P4VFS.Driver", "P4VFS.Driver\P4VFS.Driver.vcxproj", "{44770B51-86D7-4A43-B57D-A0F7E7A34450}"
EndProject
Project("{8BC9CEB8-8B4A-11D0-8D11-00A0C91BC942}") = "P4VFS.CoreInterop", "P4VFS.CoreInterop\P4VFS.CoreInterop.vcxproj", "{5E1C7A9F-D62D-4FEC-B91E-C99D0B3F04B2}"
	ProjectSection(ProjectDependencies) = postProject
		{A61F43EC-B569-4FA3-A487-99BAC29BC479} = {A61F43EC-B569-4FA3-A487-99BAC29BC479}
	EndProjectSection
EndProject
Project("{FAE04EC0-301F-11D3-BF4B-00C04F79EFBC}") = "P4VFS.Extensions", "P4VFS.Extensions\P4VFS.Extensions.csproj", "{E19FE4B8-B435-403B-A377-17438A0169AF}"
EndProject
Project("{8BC9CEB8-8B4A-11D0-8D11-00A0C91BC942}") = "P4VFS.ExtensionsInterop", "P4VFS.ExtensionsInterop\P4VFS.ExtensionsInterop.vcxproj", "{05A94A89-DE24-4644-ACC6-1922E1F3681F}"
	ProjectSection(ProjectDependencies) = postProject
		{5E1C7A9F-D62D-4FEC-B91E-C99D0B3F04B2} = {5E1C7A9F-D62D-4FEC-B91E-C99D0B3F04B2}
		{E19FE4B8-B435-403B-A377-17438A0169AF} = {E19FE4B8-B435-403B-A377-17438A0169AF}
	EndProjectSection
EndProject
Project("{8BC9CEB8-8B4A-11D0-8D11-00A0C91BC942}") = "P4VFS.Service", "P4VFS.Service\P4VFS.Service.vcxproj", "{CE2C3AF7-ECFB-4252-89AB-F3D6BD631CF9}"
	ProjectSection(ProjectDependencies) = postProject
		{05A94A89-DE24-4644-ACC6-1922E1F3681F} = {05A94A89-DE24-4644-ACC6-1922E1F3681F}
		{A61F43EC-B569-4FA3-A487-99BAC29BC479} = {A61F43EC-B569-4FA3-A487-99BAC29BC479}
		{E19FE4B8-B435-403B-A377-17438A0169AF} = {E19FE4B8-B435-403B-A377-17438A0169AF}
	EndProjectSection
EndProject
Project("{FAE04EC0-301F-11D3-BF4B-00C04F79EFBC}") = "P4VFS.Console", "P4VFS.Console\P4VFS.Console.csproj", "{543038BD-021F-4490-B4D9-6131F09CA857}"
	ProjectSection(ProjectDependencies) = postProject
		{05A94A89-DE24-4644-ACC6-1922E1F3681F} = {05A94A89-DE24-4644-ACC6-1922E1F3681F}
		{44770B51-86D7-4A43-B57D-A0F7E7A34450} = {44770B51-86D7-4A43-B57D-A0F7E7A34450}
		{AE951FCC-65B6-4C7C-83DD-723F939D899E} = {AE951FCC-65B6-4C7C-83DD-723F939D899E}
		{CE2C3AF7-ECFB-4252-89AB-F3D6BD631CF9} = {CE2C3AF7-ECFB-4252-89AB-F3D6BD631CF9}
	EndProjectSection
EndProject
Project("{FAE04EC0-301F-11D3-BF4B-00C04F79EFBC}") = "P4VFS.UnitTest", "P4VFS.UnitTest\P4VFS.UnitTest.csproj", "{AE951FCC-65B6-4C7C-83DD-723F939D899E}"
	ProjectSection(ProjectDependencies) = postProject
		{E19FE4B8-B435-403B-A377-17438A0169AF} = {E19FE4B8-B435-403B-A377-17438A0169AF}
	EndProjectSection
EndProject
Project("{FAE04EC0-301F-11D3-BF4B-00C04F79EFBC}") = "P4VFS.Setup", "P4VFS.Setup\P4VFS.Setup.csproj", "{5C31C62B-BC44-4E65-A50B-45C73D4F1145}"
	ProjectSection(ProjectDependencies) = postProject
		{05A94A89-DE24-4644-ACC6-1922E1F3681F} = {05A94A89-DE24-4644-ACC6-1922E1F3681F}
		{390F0C3E-B018-4A22-9EFE-820AD28705A8} = {390F0C3E-B018-4A22-9EFE-820AD28705A8}
		{44770B51-86D7-4A43-B57D-A0F7E7A34450} = {44770B51-86D7-4A43-B57D-A0F7E7A34450}
		{543038BD-021F-4490-B4D9-6131F09CA857} = {543038BD-021F-4490-B4D9-6131F09CA857}
		{748B7967-ADE9-443A-9EC5-0CD7DBC34F95} = {748B7967-ADE9-443A-9EC5-0CD7DBC34F95}
		{A61F43EC-B569-4FA3-A487-99BAC29BC479} = {A61F43EC-B569-4FA3-A487-99BAC29BC479}
		{AE951FCC-65B6-4C7C-83DD-723F939D899E} = {AE951FCC-65B6-4C7C-83DD-723F939D899E}
		{CE2C3AF7-ECFB-4252-89AB-F3D6BD631CF9} = {CE2C3AF7-ECFB-4252-89AB-F3D6BD631CF9}
		{E19FE4B8-B435-403B-A377-17438A0169AF} = {E19FE4B8-B435-403B-A377-17438A0169AF}
	EndProjectSection
EndProject
Project("{FAE04EC0-301F-11D3-BF4B-00C04F79EFBC}") = "P4VFS.Monitor", "P4VFS.Monitor\P4VFS.Monitor.csproj", "{390F0C3E-B018-4A22-9EFE-820AD28705A8}"
EndProject
Project("{FAE04EC0-301F-11D3-BF4B-00C04F79EFBC}") = "P4VFS.CodeSign", "P4VFS.CodeSign\P4VFS.CodeSign.csproj", "{748B7967-ADE9-443A-9EC5-0CD7DBC34F95}"
EndProject
Project("{8BC9CEB8-8B4A-11D0-8D11-00A0C91BC942}") = "P4VFS.Core", "P4VFS.Core\P4VFS.Core.vcxproj", "{A61F43EC-B569-4FA3-A487-99BAC29BC479}"
	ProjectSection(ProjectDependencies) = postProject
		{CAC0A153-5579-432A-961B-59DAA89A247D} = {CAC0A153-5579-432A-961B-59DAA89A247D}
	EndProjectSection
EndProject
Project("{FAE04EC0-301F-11D3-BF4B-00C04F79EFBC}") = "P4VFS.External", "P4VFS.External\P4VFS.External.csproj", "{CAC0A153-5579-432A-961B-59DAA89A247D}"
EndProject
Global
	GlobalSection(SolutionConfigurationPlatforms) = preSolution
		Debug|x64 = Debug|x64
		DebugDev|x64 = DebugDev|x64
		Release|x64 = Release|x64
		ReleaseDev|x64 = ReleaseDev|x64
		ReleaseSign|x64 = ReleaseSign|x64
	EndGlobalSection
	GlobalSection(ProjectConfigurationPlatforms) = postSolution
		{44770B51-86D7-4A43-B57D-A0F7E7A34450}.Debug|x64.ActiveCfg = Win10.0.Debug|x64
		{44770B51-86D7-4A43-B57D-A0F7E7A34450}.Debug|x64.Build.0 = Win10.0.Debug|x64
		{44770B51-86D7-4A43-B57D-A0F7E7A34450}.DebugDev|x64.ActiveCfg = Win10.0.Debug|x64
		{44770B51-86D7-4A43-B57D-A0F7E7A34450}.DebugDev|x64.Build.0 = Win10.0.Debug|x64
		{44770B51-86D7-4A43-B57D-A0F7E7A34450}.Release|x64.ActiveCfg = Win10.0.Release|x64
		{44770B51-86D7-4A43-B57D-A0F7E7A34450}.Release|x64.Build.0 = Win10.0.Release|x64
		{44770B51-86D7-4A43-B57D-A0F7E7A34450}.ReleaseDev|x64.ActiveCfg = Win10.0.Release|x64
		{44770B51-86D7-4A43-B57D-A0F7E7A34450}.ReleaseDev|x64.Build.0 = Win10.0.Release|x64
		{44770B51-86D7-4A43-B57D-A0F7E7A34450}.ReleaseSign|x64.ActiveCfg = Win10.0.Release|x64
		{44770B51-86D7-4A43-B57D-A0F7E7A34450}.ReleaseSign|x64.Build.0 = Win10.0.Release|x64
		{5E1C7A9F-D62D-4FEC-B91E-C99D0B3F04B2}.Debug|x64.ActiveCfg = Debug|x64
		{5E1C7A9F-D62D-4FEC-B91E-C99D0B3F04B2}.Debug|x64.Build.0 = Debug|x64
		{5E1C7A9F-D62D-4FEC-B91E-C99D0B3F04B2}.DebugDev|x64.ActiveCfg = Debug|x64
		{5E1C7A9F-D62D-4FEC-B91E-C99D0B3F04B2}.DebugDev|x64.Build.0 = Debug|x64
		{5E1C7A9F-D62D-4FEC-B91E-C99D0B3F04B2}.Release|x64.ActiveCfg = Release|x64
		{5E1C7A9F-D62D-4FEC-B91E-C99D0B3F04B2}.Release|x64.Build.0 = Release|x64
		{5E1C7A9F-D62D-4FEC-B91E-C99D0B3F04B2}.ReleaseDev|x64.ActiveCfg = Release|x64
		{5E1C7A9F-D62D-4FEC-B91E-C99D0B3F04B2}.ReleaseDev|x64.Build.0 = Release|x64
		{5E1C7A9F-D62D-4FEC-B91E-C99D0B3F04B2}.ReleaseSign|x64.ActiveCfg = Release|x64
		{5E1C7A9F-D62D-4FEC-B91E-C99D0B3F04B2}.ReleaseSign|x64.Build.0 = Release|x64
		{E19FE4B8-B435-403B-A377-17438A0169AF}.Debug|x64.ActiveCfg = Debug|x64
		{E19FE4B8-B435-403B-A377-17438A0169AF}.Debug|x64.Build.0 = Debug|x64
		{E19FE4B8-B435-403B-A377-17438A0169AF}.DebugDev|x64.ActiveCfg = Debug|x64
		{E19FE4B8-B435-403B-A377-17438A0169AF}.DebugDev|x64.Build.0 = Debug|x64
		{E19FE4B8-B435-403B-A377-17438A0169AF}.Release|x64.ActiveCfg = Release|x64
		{E19FE4B8-B435-403B-A377-17438A0169AF}.Release|x64.Build.0 = Release|x64
		{E19FE4B8-B435-403B-A377-17438A0169AF}.ReleaseDev|x64.ActiveCfg = Release|x64
		{E19FE4B8-B435-403B-A377-17438A0169AF}.ReleaseDev|x64.Build.0 = Release|x64
		{E19FE4B8-B435-403B-A377-17438A0169AF}.ReleaseSign|x64.ActiveCfg = Release|x64
		{E19FE4B8-B435-403B-A377-17438A0169AF}.ReleaseSign|x64.Build.0 = Release|x64
		{05A94A89-DE24-4644-ACC6-1922E1F3681F}.Debug|x64.ActiveCfg = Debug|x64
		{05A94A89-DE24-4644-ACC6-1922E1F3681F}.Debug|x64.Build.0 = Debug|x64
		{05A94A89-DE24-4644-ACC6-1922E1F3681F}.DebugDev|x64.ActiveCfg = Debug|x64
		{05A94A89-DE24-4644-ACC6-1922E1F3681F}.DebugDev|x64.Build.0 = Debug|x64
		{05A94A89-DE24-4644-ACC6-1922E1F3681F}.Release|x64.ActiveCfg = Release|x64
		{05A94A89-DE24-4644-ACC6-1922E1F3681F}.Release|x64.Build.0 = Release|x64
		{05A94A89-DE24-4644-ACC6-1922E1F3681F}.ReleaseDev|x64.ActiveCfg = Release|x64
		{05A94A89-DE24-4644-ACC6-1922E1F3681F}.ReleaseDev|x64.Build.0 = Release|x64
		{05A94A89-DE24-4644-ACC6-1922E1F3681F}.ReleaseSign|x64.ActiveCfg = Release|x64
		{05A94A89-DE24-4644-ACC6-1922E1F3681F}.ReleaseSign|x64.Build.0 = Release|x64
		{CE2C3AF7-ECFB-4252-89AB-F3D6BD631CF9}.Debug|x64.ActiveCfg = Debug|x64
		{CE2C3AF7-ECFB-4252-89AB-F3D6BD631CF9}.Debug|x64.Build.0 = Debug|x64
		{CE2C3AF7-ECFB-4252-89AB-F3D6BD631CF9}.DebugDev|x64.ActiveCfg = Debug|x64
		{CE2C3AF7-ECFB-4252-89AB-F3D6BD631CF9}.DebugDev|x64.Build.0 = Debug|x64
		{CE2C3AF7-ECFB-4252-89AB-F3D6BD631CF9}.Release|x64.ActiveCfg = Release|x64
		{CE2C3AF7-ECFB-4252-89AB-F3D6BD631CF9}.Release|x64.Build.0 = Release|x64
		{CE2C3AF7-ECFB-4252-89AB-F3D6BD631CF9}.ReleaseDev|x64.ActiveCfg = Release|x64
		{CE2C3AF7-ECFB-4252-89AB-F3D6BD631CF9}.ReleaseDev|x64.Build.0 = Release|x64
		{CE2C3AF7-ECFB-4252-89AB-F3D6BD631CF9}.ReleaseSign|x64.ActiveCfg = Release|x64
		{CE2C3AF7-ECFB-4252-89AB-F3D6BD631CF9}.ReleaseSign|x64.Build.0 = Release|x64
		{543038BD-021F-4490-B4D9-6131F09CA857}.Debug|x64.ActiveCfg = Debug|x64
		{543038BD-021F-4490-B4D9-6131F09CA857}.Debug|x64.Build.0 = Debug|x64
		{543038BD-021F-4490-B4D9-6131F09CA857}.DebugDev|x64.ActiveCfg = DebugDev|x64
		{543038BD-021F-4490-B4D9-6131F09CA857}.DebugDev|x64.Build.0 = DebugDev|x64
		{543038BD-021F-4490-B4D9-6131F09CA857}.Release|x64.ActiveCfg = Release|x64
		{543038BD-021F-4490-B4D9-6131F09CA857}.Release|x64.Build.0 = Release|x64
		{543038BD-021F-4490-B4D9-6131F09CA857}.ReleaseDev|x64.ActiveCfg = ReleaseDev|x64
		{543038BD-021F-4490-B4D9-6131F09CA857}.ReleaseDev|x64.Build.0 = ReleaseDev|x64
		{543038BD-021F-4490-B4D9-6131F09CA857}.ReleaseSign|x64.ActiveCfg = ReleaseSign|x64
		{543038BD-021F-4490-B4D9-6131F09CA857}.ReleaseSign|x64.Build.0 = ReleaseSign|x64
		{AE951FCC-65B6-4C7C-83DD-723F939D899E}.Debug|x64.ActiveCfg = Debug|x64
		{AE951FCC-65B6-4C7C-83DD-723F939D899E}.Debug|x64.Build.0 = Debug|x64
		{AE951FCC-65B6-4C7C-83DD-723F939D899E}.DebugDev|x64.ActiveCfg = DebugDev|x64
		{AE951FCC-65B6-4C7C-83DD-723F939D899E}.DebugDev|x64.Build.0 = DebugDev|x64
		{AE951FCC-65B6-4C7C-83DD-723F939D899E}.Release|x64.ActiveCfg = Release|x64
		{AE951FCC-65B6-4C7C-83DD-723F939D899E}.Release|x64.Build.0 = Release|x64
		{AE951FCC-65B6-4C7C-83DD-723F939D899E}.ReleaseDev|x64.ActiveCfg = ReleaseDev|x64
		{AE951FCC-65B6-4C7C-83DD-723F939D899E}.ReleaseDev|x64.Build.0 = ReleaseDev|x64
		{AE951FCC-65B6-4C7C-83DD-723F939D899E}.ReleaseSign|x64.ActiveCfg = ReleaseSign|x64
		{AE951FCC-65B6-4C7C-83DD-723F939D899E}.ReleaseSign|x64.Build.0 = ReleaseSign|x64
		{5C31C62B-BC44-4E65-A50B-45C73D4F1145}.Debug|x64.ActiveCfg = Debug|x64
		{5C31C62B-BC44-4E65-A50B-45C73D4F1145}.Debug|x64.Build.0 = Debug|x64
		{5C31C62B-BC44-4E65-A50B-45C73D4F1145}.DebugDev|x64.ActiveCfg = DebugDev|x64
		{5C31C62B-BC44-4E65-A50B-45C73D4F1145}.DebugDev|x64.Build.0 = DebugDev|x64
		{5C31C62B-BC44-4E65-A50B-45C73D4F1145}.Release|x64.ActiveCfg = Release|x64
		{5C31C62B-BC44-4E65-A50B-45C73D4F1145}.Release|x64.Build.0 = Release|x64
		{5C31C62B-BC44-4E65-A50B-45C73D4F1145}.ReleaseDev|x64.ActiveCfg = ReleaseDev|x64
		{5C31C62B-BC44-4E65-A50B-45C73D4F1145}.ReleaseDev|x64.Build.0 = ReleaseDev|x64
		{5C31C62B-BC44-4E65-A50B-45C73D4F1145}.ReleaseSign|x64.ActiveCfg = ReleaseSign|x64
		{5C31C62B-BC44-4E65-A50B-45C73D4F1145}.ReleaseSign|x64.Build.0 = ReleaseSign|x64
		{390F0C3E-B018-4A22-9EFE-820AD28705A8}.Debug|x64.ActiveCfg = Debug|x64
		{390F0C3E-B018-4A22-9EFE-820AD28705A8}.Debug|x64.Build.0 = Debug|x64
		{390F0C3E-B018-4A22-9EFE-820AD28705A8}.DebugDev|x64.ActiveCfg = Debug|x64
		{390F0C3E-B018-4A22-9EFE-820AD28705A8}.DebugDev|x64.Build.0 = Debug|x64
		{390F0C3E-B018-4A22-9EFE-820AD28705A8}.Release|x64.ActiveCfg = Release|x64
		{390F0C3E-B018-4A22-9EFE-820AD28705A8}.Release|x64.Build.0 = Release|x64
		{390F0C3E-B018-4A22-9EFE-820AD28705A8}.ReleaseDev|x64.ActiveCfg = Release|x64
		{390F0C3E-B018-4A22-9EFE-820AD28705A8}.ReleaseDev|x64.Build.0 = Release|x64
		{390F0C3E-B018-4A22-9EFE-820AD28705A8}.ReleaseSign|x64.ActiveCfg = Release|x64
		{390F0C3E-B018-4A22-9EFE-820AD28705A8}.ReleaseSign|x64.Build.0 = Release|x64
		{748B7967-ADE9-443A-9EC5-0CD7DBC34F95}.Debug|x64.ActiveCfg = Debug|x64
		{748B7967-ADE9-443A-9EC5-0CD7DBC34F95}.Debug|x64.Build.0 = Debug|x64
		{748B7967-ADE9-443A-9EC5-0CD7DBC34F95}.DebugDev|x64.ActiveCfg = Debug|x64
		{748B7967-ADE9-443A-9EC5-0CD7DBC34F95}.DebugDev|x64.Build.0 = Debug|x64
		{748B7967-ADE9-443A-9EC5-0CD7DBC34F95}.Release|x64.ActiveCfg = Release|x64
		{748B7967-ADE9-443A-9EC5-0CD7DBC34F95}.Release|x64.Build.0 = Release|x64
		{748B7967-ADE9-443A-9EC5-0CD7DBC34F95}.ReleaseDev|x64.ActiveCfg = Release|x64
		{748B7967-ADE9-443A-9EC5-0CD7DBC34F95}.ReleaseDev|x64.Build.0 = Release|x64
		{748B7967-ADE9-443A-9EC5-0CD7DBC34F95}.ReleaseSign|x64.ActiveCfg = Release|x64
		{748B7967-ADE9-443A-9EC5-0CD7DBC34F95}.ReleaseSign|x64.Build.0 = Release|x64
		{A61F43EC-B569-4FA3-A487-99BAC29BC479}.Debug|x64.ActiveCfg = Debug|x64
		{A61F43EC-B569-4FA3-A487-99BAC29BC479}.Debug|x64.Build.0 = Debug|x64
		{A61F43EC-B569-4FA3-A487-99BAC29BC479}.DebugDev|x64.ActiveCfg = Debug|x64
		{A61F43EC-B569-4FA3-A487-99BAC29BC479}.DebugDev|x64.Build.0 = Debug|x64
		{A61F43EC-B569-4FA3-A487-99BAC29BC479}.Release|x64.ActiveCfg = Release|x64
		{A61F43EC-B569-4FA3-A487-99BAC29BC479}.Release|x64.Build.0 = Release|x64
		{A61F43EC-B569-4FA3-A487-99BAC29BC479}.ReleaseDev|x64.ActiveCfg = Release|x64
		{A61F43EC-B569-4FA3-A487-99BAC29BC479}.ReleaseDev|x64.Build.0 = Release|x64
		{A61F43EC-B569-4FA3-A487-99BAC29BC479}.ReleaseSign|x64.ActiveCfg = Release|x64
		{A61F43EC-B569-4FA3-A487-99BAC29BC479}.ReleaseSign|x64.Build.0 = Release|x64
		{CAC0A153-5579-432A-961B-59DAA89A247D}.Debug|x64.ActiveCfg = Debug|x64
		{CAC0A153-5579-432A-961B-59DAA89A247D}.Debug|x64.Build.0 = Debug|x64
		{CAC0A153-5579-432A-961B-59DAA89A247D}.DebugDev|x64.ActiveCfg = Debug|x64
		{CAC0A153-5579-432A-961B-59DAA89A247D}.DebugDev|x64.Build.0 = Debug|x64
		{CAC0A153-5579-432A-961B-59DAA89A247D}.Release|x64.ActiveCfg = Release|x64
		{CAC0A153-5579-432A-961B-59DAA89A247D}.Release|x64.Build.0 = Release|x64
		{CAC0A153-5579-432A-961B-59DAA89A247D}.ReleaseDev|x64.ActiveCfg = Release|x64
		{CAC0A153-5579-432A-961B-59DAA89A247D}.ReleaseDev|x64.Build.0 = Release|x64
		{CAC0A153-5579-432A-961B-59DAA89A247D}.ReleaseSign|x64.ActiveCfg = Release|x64
		{CAC0A153-5579-432A-961B-59DAA89A247D}.ReleaseSign|x64.Build.0 = Release|x64
	EndGlobalSection
	GlobalSection(SolutionProperties) = preSolution
		HideSolutionNode = FALSE
	EndGlobalSection
	GlobalSection(NestedProjects) = preSolution
		{44770B51-86D7-4A43-B57D-A0F7E7A34450} = {BC3F5093-3981-4EA3-AF26-882790B79C86}
		{5E1C7A9F-D62D-4FEC-B91E-C99D0B3F04B2} = {BC3F5093-3981-4EA3-AF26-882790B79C86}
		{E19FE4B8-B435-403B-A377-17438A0169AF} = {BC3F5093-3981-4EA3-AF26-882790B79C86}
		{05A94A89-DE24-4644-ACC6-1922E1F3681F} = {BC3F5093-3981-4EA3-AF26-882790B79C86}
		{CE2C3AF7-ECFB-4252-89AB-F3D6BD631CF9} = {BC3F5093-3981-4EA3-AF26-882790B79C86}
		{543038BD-021F-4490-B4D9-6131F09CA857} = {BC3F5093-3981-4EA3-AF26-882790B79C86}
		{AE951FCC-65B6-4C7C-83DD-723F939D899E} = {BC3F5093-3981-4EA3-AF26-882790B79C86}
		{5C31C62B-BC44-4E65-A50B-45C73D4F1145} = {BC3F5093-3981-4EA3-AF26-882790B79C86}
		{390F0C3E-B018-4A22-9EFE-820AD28705A8} = {BC3F5093-3981-4EA3-AF26-882790B79C86}
		{748B7967-ADE9-443A-9EC5-0CD7DBC34F95} = {BC3F5093-3981-4EA3-AF26-882790B79C86}
		{A61F43EC-B569-4FA3-A487-99BAC29BC479} = {BC3F5093-3981-4EA3-AF26-882790B79C86}
		{CAC0A153-5579-432A-961B-59DAA89A247D} = {BC3F5093-3981-4EA3-AF26-882790B79C86}
	EndGlobalSection
	GlobalSection(ExtensibilityGlobals) = postSolution
		SolutionGuid = {6667E35D-5831-4353-BAEC-00C8BBDFBFA6}
		EnterpriseLibraryConfigurationToolBinariesPathV6 = packages\EnterpriseLibrary.TransientFaultHandling.6.0.1304.0\lib\portable-net45+win+wp8;packages\EnterpriseLibrary.TransientFaultHandling.Data.6.0.1304.1\lib\NET45
	EndGlobalSection
EndGlobal
